
Microsoft Visual Studio Solution File, Format Version 12.00
# Visual Studio Version 17
VisualStudioVersion = 17.8.34330.188
MinimumVisualStudioVersion = 10.0.40219.1
Project("{2150E333-8FDC-42A3-9474-1A3956D46DE8}") = "Src", "Src", "{5B06885C-9203-4EA1-B5E8-5D5A83989EB5}"
EndProject
Project("{2150E333-8FDC-42A3-9474-1A3956D46DE8}") = "SolutionItems", "SolutionItems", "{5F629C3B-8C4F-4164-8414-B3291378E001}"
	ProjectSection(SolutionItems) = preProject
		.editorconfig = .editorconfig
		SolutionItems\.gitignore = SolutionItems\.gitignore
	EndProjectSection
EndProject
Project("{2150E333-8FDC-42A3-9474-1A3956D46DE8}") = "Test", "Test", "{025E90F4-BEA5-43F0-8053-239092C1F31C}"
EndProject
Project("{9A19103F-16F7-4668-BE54-9A1E7A4F7556}") = "BusDelivery.API", "Src\BusDelivery.Bus.API\BusDelivery.API.csproj", "{F607B505-D884-4EF0-AA79-B09C10F3317C}"
EndProject
Project("{9A19103F-16F7-4668-BE54-9A1E7A4F7556}") = "BusDelivery.Application", "Src\BusDelivery.Bus.Application\BusDelivery.Application.csproj", "{4A277E9B-B99C-42F4-9AB1-203103920C94}"
EndProject
Project("{9A19103F-16F7-4668-BE54-9A1E7A4F7556}") = "BusDelivery.Contract", "Src\BusDelivery.Bus.Contract\BusDelivery.Contract.csproj", "{12629A6B-A39A-4741-9EE5-81E5D20CF048}"
EndProject
Project("{9A19103F-16F7-4668-BE54-9A1E7A4F7556}") = "BusDelivery.Domain", "Src\BusDelivery.Bus.Domain\BusDelivery.Domain.csproj", "{50BEE299-BF2E-4ABB-88EB-0D1C328D016F}"
EndProject
Project("{9A19103F-16F7-4668-BE54-9A1E7A4F7556}") = "BusDelivery.Persistence", "Src\BusDelivery.Bus.Persistence\BusDelivery.Persistence.csproj", "{1947DA75-9222-400F-A15D-1848FF24FD80}"
EndProject
Project("{9A19103F-16F7-4668-BE54-9A1E7A4F7556}") = "BusDelivery.Presentation", "Src\BusDelivery.Bus.Presentation\BusDelivery.Presentation.csproj", "{86C89F14-337E-4C96-B250-2C9B5C8EF1DE}"
EndProject
Project("{9A19103F-16F7-4668-BE54-9A1E7A4F7556}") = "BusDelivery.Infrastructure", "Src\BusDelivery.Bus.Infrastructure\BusDelivery.Infrastructure.csproj", "{48165BF9-3528-4413-A0D9-90A7B3858C83}"
EndProject
Project("{9A19103F-16F7-4668-BE54-9A1E7A4F7556}") = "BusDelivery.Architecture.Tests", "Test\BusDelivery.Architechture.Tests\BusDelivery.Architecture.Tests.csproj", "{6D1B241A-B2A2-4C00-B1FE-98B19AC73754}"
EndProject
Project("{FAE04EC0-301F-11D3-BF4B-00C04F79EFBC}") = "BusDelivery.Infrastructure.BlobStorage", "Src\BusDelivery.Infrastructure.BlobStorage\BusDelivery.Infrastructure.BlobStorage.csproj", "{79D936E4-5899-4FB8-9E84-AEC89BB76554}"
EndProject
Global
	GlobalSection(SolutionConfigurationPlatforms) = preSolution
		Debug|Any CPU = Debug|Any CPU
		Release|Any CPU = Release|Any CPU
	EndGlobalSection
	GlobalSection(ProjectConfigurationPlatforms) = postSolution
		{F607B505-D884-4EF0-AA79-B09C10F3317C}.Debug|Any CPU.ActiveCfg = Debug|Any CPU
		{F607B505-D884-4EF0-AA79-B09C10F3317C}.Debug|Any CPU.Build.0 = Debug|Any CPU
		{F607B505-D884-4EF0-AA79-B09C10F3317C}.Release|Any CPU.ActiveCfg = Release|Any CPU
		{F607B505-D884-4EF0-AA79-B09C10F3317C}.Release|Any CPU.Build.0 = Release|Any CPU
		{4A277E9B-B99C-42F4-9AB1-203103920C94}.Debug|Any CPU.ActiveCfg = Debug|Any CPU
		{4A277E9B-B99C-42F4-9AB1-203103920C94}.Debug|Any CPU.Build.0 = Debug|Any CPU
		{4A277E9B-B99C-42F4-9AB1-203103920C94}.Release|Any CPU.ActiveCfg = Release|Any CPU
		{4A277E9B-B99C-42F4-9AB1-203103920C94}.Release|Any CPU.Build.0 = Release|Any CPU
		{12629A6B-A39A-4741-9EE5-81E5D20CF048}.Debug|Any CPU.ActiveCfg = Debug|Any CPU
		{12629A6B-A39A-4741-9EE5-81E5D20CF048}.Debug|Any CPU.Build.0 = Debug|Any CPU
		{12629A6B-A39A-4741-9EE5-81E5D20CF048}.Release|Any CPU.ActiveCfg = Release|Any CPU
		{12629A6B-A39A-4741-9EE5-81E5D20CF048}.Release|Any CPU.Build.0 = Release|Any CPU
		{50BEE299-BF2E-4ABB-88EB-0D1C328D016F}.Debug|Any CPU.ActiveCfg = Debug|Any CPU
		{50BEE299-BF2E-4ABB-88EB-0D1C328D016F}.Debug|Any CPU.Build.0 = Debug|Any CPU
		{50BEE299-BF2E-4ABB-88EB-0D1C328D016F}.Release|Any CPU.ActiveCfg = Release|Any CPU
		{50BEE299-BF2E-4ABB-88EB-0D1C328D016F}.Release|Any CPU.Build.0 = Release|Any CPU
		{1947DA75-9222-400F-A15D-1848FF24FD80}.Debug|Any CPU.ActiveCfg = Debug|Any CPU
		{1947DA75-9222-400F-A15D-1848FF24FD80}.Debug|Any CPU.Build.0 = Debug|Any CPU
		{1947DA75-9222-400F-A15D-1848FF24FD80}.Release|Any CPU.ActiveCfg = Release|Any CPU
		{1947DA75-9222-400F-A15D-1848FF24FD80}.Release|Any CPU.Build.0 = Release|Any CPU
		{86C89F14-337E-4C96-B250-2C9B5C8EF1DE}.Debug|Any CPU.ActiveCfg = Debug|Any CPU
		{86C89F14-337E-4C96-B250-2C9B5C8EF1DE}.Debug|Any CPU.Build.0 = Debug|Any CPU
		{86C89F14-337E-4C96-B250-2C9B5C8EF1DE}.Release|Any CPU.ActiveCfg = Release|Any CPU
		{86C89F14-337E-4C96-B250-2C9B5C8EF1DE}.Release|Any CPU.Build.0 = Release|Any CPU
		{48165BF9-3528-4413-A0D9-90A7B3858C83}.Debug|Any CPU.ActiveCfg = Debug|Any CPU
		{48165BF9-3528-4413-A0D9-90A7B3858C83}.Debug|Any CPU.Build.0 = Debug|Any CPU
		{48165BF9-3528-4413-A0D9-90A7B3858C83}.Release|Any CPU.ActiveCfg = Release|Any CPU
		{48165BF9-3528-4413-A0D9-90A7B3858C83}.Release|Any CPU.Build.0 = Release|Any CPU
		{6D1B241A-B2A2-4C00-B1FE-98B19AC73754}.Debug|Any CPU.ActiveCfg = Debug|Any CPU
		{6D1B241A-B2A2-4C00-B1FE-98B19AC73754}.Debug|Any CPU.Build.0 = Debug|Any CPU
		{6D1B241A-B2A2-4C00-B1FE-98B19AC73754}.Release|Any CPU.ActiveCfg = Release|Any CPU
		{6D1B241A-B2A2-4C00-B1FE-98B19AC73754}.Release|Any CPU.Build.0 = Release|Any CPU
		{79D936E4-5899-4FB8-9E84-AEC89BB76554}.Debug|Any CPU.ActiveCfg = Debug|Any CPU
		{79D936E4-5899-4FB8-9E84-AEC89BB76554}.Debug|Any CPU.Build.0 = Debug|Any CPU
		{79D936E4-5899-4FB8-9E84-AEC89BB76554}.Release|Any CPU.ActiveCfg = Release|Any CPU
		{79D936E4-5899-4FB8-9E84-AEC89BB76554}.Release|Any CPU.Build.0 = Release|Any CPU
	EndGlobalSection
	GlobalSection(SolutionProperties) = preSolution
		HideSolutionNode = FALSE
	EndGlobalSection
	GlobalSection(NestedProjects) = preSolution
		{F607B505-D884-4EF0-AA79-B09C10F3317C} = {5B06885C-9203-4EA1-B5E8-5D5A83989EB5}
		{4A277E9B-B99C-42F4-9AB1-203103920C94} = {5B06885C-9203-4EA1-B5E8-5D5A83989EB5}
		{12629A6B-A39A-4741-9EE5-81E5D20CF048} = {5B06885C-9203-4EA1-B5E8-5D5A83989EB5}
		{50BEE299-BF2E-4ABB-88EB-0D1C328D016F} = {5B06885C-9203-4EA1-B5E8-5D5A83989EB5}
		{1947DA75-9222-400F-A15D-1848FF24FD80} = {5B06885C-9203-4EA1-B5E8-5D5A83989EB5}
		{86C89F14-337E-4C96-B250-2C9B5C8EF1DE} = {5B06885C-9203-4EA1-B5E8-5D5A83989EB5}
		{48165BF9-3528-4413-A0D9-90A7B3858C83} = {5B06885C-9203-4EA1-B5E8-5D5A83989EB5}
		{6D1B241A-B2A2-4C00-B1FE-98B19AC73754} = {025E90F4-BEA5-43F0-8053-239092C1F31C}
		{79D936E4-5899-4FB8-9E84-AEC89BB76554} = {5B06885C-9203-4EA1-B5E8-5D5A83989EB5}
	EndGlobalSection
	GlobalSection(ExtensibilityGlobals) = postSolution
		SolutionGuid = {B5D82FE1-AE9A-46F8-84D8-A941AF27AD45}
	EndGlobalSection
EndGlobal
